
Microsoft Visual Studio Solution File, Format Version 12.00
# Visual Studio Version 17
VisualStudioVersion = 17.0.32112.339
MinimumVisualStudioVersion = 10.0.40219.1
Project("{FAE04EC0-301F-11D3-BF4B-00C04F79EFBC}") = "Eindtest_C_Basis_en_Collection", "Eindtest_C_Basis_en_Collection\Eindtest_C_Basis_en_Collection.csproj", "{9DDCB131-8AA3-4866-A5BA-C2711FACD302}"
EndProject
Global
	GlobalSection(SolutionConfigurationPlatforms) = preSolution
		Debug|Any CPU = Debug|Any CPU
		Release|Any CPU = Release|Any CPU
	EndGlobalSection
	GlobalSection(ProjectConfigurationPlatforms) = postSolution
		{9DDCB131-8AA3-4866-A5BA-C2711FACD302}.Debug|Any CPU.ActiveCfg = Debug|Any CPU
		{9DDCB131-8AA3-4866-A5BA-C2711FACD302}.Debug|Any CPU.Build.0 = Debug|Any CPU
		{9DDCB131-8AA3-4866-A5BA-C2711FACD302}.Release|Any CPU.ActiveCfg = Release|Any CPU
		{9DDCB131-8AA3-4866-A5BA-C2711FACD302}.Release|Any CPU.Build.0 = Release|Any CPU
	EndGlobalSection
	GlobalSection(SolutionProperties) = preSolution
		HideSolutionNode = FALSE
	EndGlobalSection
	GlobalSection(ExtensibilityGlobals) = postSolution
		SolutionGuid = {6ED4EB79-4A17-4500-BD77-034F1F1C6ABB}
	EndGlobalSection
EndGlobal
